# @generated by Move, please check-in and do not edit manually.

[move]
version = 0
manifest_digest = "0703D88643C546C4C09BB28F1A651CC46E54E518546FC07669EC28FBDAEEC5FA"
deps_digest = "1E20579B7C2C5AC2A9878C6801E967D4295BEDFC69AD6EC022B0CAEF26015598"

dependencies = [
  { name = "Sui" },
  { name = "withinfinity" },
]

[[move.package]]
name = "MoveStdlib"
source = { git = "https://github.com/MystenLabs/sui.git", rev = "testnet-v1.8.0", subdir = "crates/sui-framework/packages/move-stdlib" }

[[move.package]]
name = "Sui"
source = { git = "https://github.com/MystenLabs/sui.git", rev = "testnet-v1.8.0", subdir = "crates/sui-framework/packages/sui-framework" }

dependencies = [
  { name = "MoveStdlib" },
]

[[move.package]]
name = "withinfinity"
source = { local = "../world" }

dependencies = [
  { name = "Sui" },
]
