# @generated by Move, please check-in and do not edit manually.

[move]
version = 0
manifest_digest = "411B0FBEDC437823464840B6AD9903C265DE2138151D1B09A4F78A46DCBADAEC"
deps_digest = "752FA25F3082927F17B69EDE6F94AEA5814AB69CCAA3AFA0D2A8DAA8D790046E"

dependencies = [
  { name = "Components" },
  { name = "Eps" },
  { name = "Sui" },
]

[[move.package]]
name = "Components"
source = { local = "../obelisk-engine/components" }

dependencies = [
  { name = "Eps" },
  { name = "Sui" },
]

[[move.package]]
name = "Eps"
source = { local = "../obelisk-engine/eps" }

dependencies = [
  { name = "Sui" },
]

[[move.package]]
name = "MoveStdlib"
source = { git = "https://github.com/MystenLabs/sui.git", rev = "testnet-v1.8.0", subdir = "crates/sui-framework/packages/move-stdlib" }

[[move.package]]
name = "Sui"
source = { git = "https://github.com/MystenLabs/sui.git", rev = "testnet-v1.8.0", subdir = "crates/sui-framework/packages/sui-framework" }

dependencies = [
  { name = "MoveStdlib" },
]
