# @generated by Move, please check-in and do not edit manually.

[move]
version = 0
manifest_digest = "8926ADA315984A1EFD1B0EFE7C37E48E1E02CE04E303239B2E10EA189428ED76"
deps_digest = "9263CBEB32288979226EA3DC85ADAEF63B853D91AF77E36042EF7441488EA0EA"

dependencies = [
  { name = "Sui" },
  { name = "robots" },
]

[[move.package]]
name = "MoveStdlib"
source = { git = "https://github.com/MystenLabs/sui.git", rev = "testnet-v1.8.0", subdir = "crates/sui-framework/packages/move-stdlib" }

[[move.package]]
name = "Sui"
source = { git = "https://github.com/MystenLabs/sui.git", rev = "testnet-v1.8.0", subdir = "crates/sui-framework/packages/sui-framework" }

dependencies = [
  { name = "MoveStdlib" },
]

[[move.package]]
name = "robots"
source = { local = "../sui-robots-contracts" }

dependencies = [
  { name = "Sui" },
]
