# @generated by Move, please check-in and do not edit manually.

[move]
version = 0
manifest_digest = "D46F42AC2AEE36158FE93614C075381B5EF0B30F9F8A6C247AF00AC228C88713"
deps_digest = "CEC7D7345A23B19A68F3345C4869BB3F31FAB09D2E8C7E0DC3001FA730F68D28"

dependencies = [
  { name = "Sui" },
  { name = "robots" },
  { name = "withinfinity" },
]

[[move.package]]
name = "MoveStdlib"
source = { git = "https://github.com/MystenLabs/sui.git", rev = "testnet-v1.8.0", subdir = "crates/sui-framework/packages/move-stdlib" }

[[move.package]]
name = "Sui"
source = { git = "https://github.com/MystenLabs/sui.git", rev = "testnet-v1.8.0", subdir = "crates/sui-framework/packages/sui-framework" }

dependencies = [
  { name = "MoveStdlib" },
]

[[move.package]]
name = "robots"
source = { local = "../../sui-robots-contracts" }

dependencies = [
  { name = "Sui" },
]

[[move.package]]
name = "withinfinity"
source = { local = "../world" }

dependencies = [
  { name = "Sui" },
]
